
Microsoft Visual Studio Solution File, Format Version 12.00
# Visual Studio Version 16
VisualStudioVersion = 16.0.30330.147
MinimumVisualStudioVersion = 10.0.40219.1
Project("{9A19103F-16F7-4668-BE54-9A1E7A4F7556}") = "VideoFrameAnalyzerLib", "VideoFrameAnalyzerLib\VideoFrameAnalyzerLib.csproj", "{13A6BC9F-57A1-4F15-A84B-2382114C1381}"
EndProject
Project("{9A19103F-16F7-4668-BE54-9A1E7A4F7556}") = "CongestionCameraConsoleApp", "CongestionCameraConsoleApp\CongestionCameraConsoleApp.csproj", "{5DBDEF4F-AC91-49E5-B00D-FC84A5D71213}"
EndProject
Project("{9A19103F-16F7-4668-BE54-9A1E7A4F7556}") = "CongestionMonitorFunctionApp", "CongestionMonitorFunctionApp\CongestionMonitorFunctionApp.csproj", "{954DE442-D6A5-4C49-A147-F6BE55F0204B}"
EndProject
Project("{9092AA53-FB77-4645-B42D-1CCCA6BD08BD}") = "CongestionStaticWebVueApp", "CongestionStaticWebVueApp\CongestionStaticWebVueApp.njsproj", "{13F66606-3BB8-411F-A3E9-9ED6C538D2EB}"
EndProject
Global
	GlobalSection(SolutionConfigurationPlatforms) = preSolution
		Debug|Any CPU = Debug|Any CPU
		Release|Any CPU = Release|Any CPU
	EndGlobalSection
	GlobalSection(ProjectConfigurationPlatforms) = postSolution
		{13A6BC9F-57A1-4F15-A84B-2382114C1381}.Debug|Any CPU.ActiveCfg = Debug|Any CPU
		{13A6BC9F-57A1-4F15-A84B-2382114C1381}.Debug|Any CPU.Build.0 = Debug|Any CPU
		{13A6BC9F-57A1-4F15-A84B-2382114C1381}.Release|Any CPU.ActiveCfg = Release|Any CPU
		{13A6BC9F-57A1-4F15-A84B-2382114C1381}.Release|Any CPU.Build.0 = Release|Any CPU
		{5DBDEF4F-AC91-49E5-B00D-FC84A5D71213}.Debug|Any CPU.ActiveCfg = Debug|Any CPU
		{5DBDEF4F-AC91-49E5-B00D-FC84A5D71213}.Debug|Any CPU.Build.0 = Debug|Any CPU
		{5DBDEF4F-AC91-49E5-B00D-FC84A5D71213}.Release|Any CPU.ActiveCfg = Release|Any CPU
		{5DBDEF4F-AC91-49E5-B00D-FC84A5D71213}.Release|Any CPU.Build.0 = Release|Any CPU
		{954DE442-D6A5-4C49-A147-F6BE55F0204B}.Debug|Any CPU.ActiveCfg = Debug|Any CPU
		{954DE442-D6A5-4C49-A147-F6BE55F0204B}.Debug|Any CPU.Build.0 = Debug|Any CPU
		{954DE442-D6A5-4C49-A147-F6BE55F0204B}.Release|Any CPU.ActiveCfg = Release|Any CPU
		{954DE442-D6A5-4C49-A147-F6BE55F0204B}.Release|Any CPU.Build.0 = Release|Any CPU
		{13F66606-3BB8-411F-A3E9-9ED6C538D2EB}.Debug|Any CPU.ActiveCfg = Debug|Any CPU
		{13F66606-3BB8-411F-A3E9-9ED6C538D2EB}.Release|Any CPU.ActiveCfg = Release|Any CPU
		{13F66606-3BB8-411F-A3E9-9ED6C538D2EB}.Release|Any CPU.Build.0 = Release|Any CPU
	EndGlobalSection
	GlobalSection(SolutionProperties) = preSolution
		HideSolutionNode = FALSE
	EndGlobalSection
	GlobalSection(ExtensibilityGlobals) = postSolution
		SolutionGuid = {26049A10-099A-47DC-8BD5-3F97617FEF73}
	EndGlobalSection
EndGlobal
